
Microsoft Visual Studio Solution File, Format Version 12.00
# Visual Studio Version 16
VisualStudioVersion = 16.0.30204.135
MinimumVisualStudioVersion = 10.0.40219.1
Project("{FAE04EC0-301F-11D3-BF4B-00C04F79EFBC}") = "Dahuyag_JK_ACT06B", "Dahuyag_JK_ACT06B.csproj", "{CDDE50AE-9660-43C8-B4FC-E1E3E5E4B584}"
EndProject
Global
	GlobalSection(SolutionConfigurationPlatforms) = preSolution
		Debug|Any CPU = Debug|Any CPU
		Release|Any CPU = Release|Any CPU
	EndGlobalSection
	GlobalSection(ProjectConfigurationPlatforms) = postSolution
		{CDDE50AE-9660-43C8-B4FC-E1E3E5E4B584}.Debug|Any CPU.ActiveCfg = Debug|Any CPU
		{CDDE50AE-9660-43C8-B4FC-E1E3E5E4B584}.Debug|Any CPU.Build.0 = Debug|Any CPU
		{CDDE50AE-9660-43C8-B4FC-E1E3E5E4B584}.Release|Any CPU.ActiveCfg = Release|Any CPU
		{CDDE50AE-9660-43C8-B4FC-E1E3E5E4B584}.Release|Any CPU.Build.0 = Release|Any CPU
	EndGlobalSection
	GlobalSection(SolutionProperties) = preSolution
		HideSolutionNode = FALSE
	EndGlobalSection
	GlobalSection(ExtensibilityGlobals) = postSolution
		SolutionGuid = {56922E54-42DE-4F79-B6B8-9A81A0099987}
	EndGlobalSection
EndGlobal
