
Microsoft Visual Studio Solution File, Format Version 12.00
# Visual Studio Version 16
VisualStudioVersion = 16.0.30204.135
MinimumVisualStudioVersion = 10.0.40219.1
Project("{FAE04EC0-301F-11D3-BF4B-00C04F79EFBC}") = "Dahuyag_JK_ACT06J", "Dahuyag_JK_ACT06J.csproj", "{06F05765-CA7E-4ACC-8046-C842AD591688}"
EndProject
Global
	GlobalSection(SolutionConfigurationPlatforms) = preSolution
		Debug|Any CPU = Debug|Any CPU
		Release|Any CPU = Release|Any CPU
	EndGlobalSection
	GlobalSection(ProjectConfigurationPlatforms) = postSolution
		{06F05765-CA7E-4ACC-8046-C842AD591688}.Debug|Any CPU.ActiveCfg = Debug|Any CPU
		{06F05765-CA7E-4ACC-8046-C842AD591688}.Debug|Any CPU.Build.0 = Debug|Any CPU
		{06F05765-CA7E-4ACC-8046-C842AD591688}.Release|Any CPU.ActiveCfg = Release|Any CPU
		{06F05765-CA7E-4ACC-8046-C842AD591688}.Release|Any CPU.Build.0 = Release|Any CPU
	EndGlobalSection
	GlobalSection(SolutionProperties) = preSolution
		HideSolutionNode = FALSE
	EndGlobalSection
	GlobalSection(ExtensibilityGlobals) = postSolution
		SolutionGuid = {2EC1569A-56B0-42BF-A126-00B5BBE471D2}
	EndGlobalSection
EndGlobal
