
Microsoft Visual Studio Solution File, Format Version 12.00
# Visual Studio Version 17
VisualStudioVersion = 17.0.32014.148
MinimumVisualStudioVersion = 10.0.40219.1
Project("{9A19103F-16F7-4668-BE54-9A1E7A4F7556}") = "OOP Projuct with UI", "OOP Projuct with UI.csproj", "{2F781607-A832-435F-A6D6-15C637BFA5DF}"
EndProject
Global
	GlobalSection(SolutionConfigurationPlatforms) = preSolution
		Debug|Any CPU = Debug|Any CPU
		Release|Any CPU = Release|Any CPU
	EndGlobalSection
	GlobalSection(ProjectConfigurationPlatforms) = postSolution
		{2F781607-A832-435F-A6D6-15C637BFA5DF}.Debug|Any CPU.ActiveCfg = Debug|Any CPU
		{2F781607-A832-435F-A6D6-15C637BFA5DF}.Debug|Any CPU.Build.0 = Debug|Any CPU
		{2F781607-A832-435F-A6D6-15C637BFA5DF}.Release|Any CPU.ActiveCfg = Release|Any CPU
		{2F781607-A832-435F-A6D6-15C637BFA5DF}.Release|Any CPU.Build.0 = Release|Any CPU
	EndGlobalSection
	GlobalSection(SolutionProperties) = preSolution
		HideSolutionNode = FALSE
	EndGlobalSection
	GlobalSection(ExtensibilityGlobals) = postSolution
		SolutionGuid = {5C43C5DD-F79D-4B92-8C1A-EA499641E2D5}
	EndGlobalSection
EndGlobal
