
Microsoft Visual Studio Solution File, Format Version 12.00
# Visual Studio Version 16
VisualStudioVersion = 16.0.30204.135
MinimumVisualStudioVersion = 10.0.40219.1
Project("{FAE04EC0-301F-11D3-BF4B-00C04F79EFBC}") = "Dahuyag_JK_ACT06D", "Dahuyag_JK_ACT06D.csproj", "{86C34D8B-A688-4BBC-9CD9-3834E3E53039}"
EndProject
Global
	GlobalSection(SolutionConfigurationPlatforms) = preSolution
		Debug|Any CPU = Debug|Any CPU
		Release|Any CPU = Release|Any CPU
	EndGlobalSection
	GlobalSection(ProjectConfigurationPlatforms) = postSolution
		{86C34D8B-A688-4BBC-9CD9-3834E3E53039}.Debug|Any CPU.ActiveCfg = Debug|Any CPU
		{86C34D8B-A688-4BBC-9CD9-3834E3E53039}.Debug|Any CPU.Build.0 = Debug|Any CPU
		{86C34D8B-A688-4BBC-9CD9-3834E3E53039}.Release|Any CPU.ActiveCfg = Release|Any CPU
		{86C34D8B-A688-4BBC-9CD9-3834E3E53039}.Release|Any CPU.Build.0 = Release|Any CPU
	EndGlobalSection
	GlobalSection(SolutionProperties) = preSolution
		HideSolutionNode = FALSE
	EndGlobalSection
	GlobalSection(ExtensibilityGlobals) = postSolution
		SolutionGuid = {A954471B-101E-401A-9144-75031356D731}
	EndGlobalSection
EndGlobal
