
Microsoft Visual Studio Solution File, Format Version 12.00
# Visual Studio Version 16
VisualStudioVersion = 16.0.30204.135
MinimumVisualStudioVersion = 10.0.40219.1
Project("{FAE04EC0-301F-11D3-BF4B-00C04F79EFBC}") = "Dahuyag_JK_ACT04A", "Dahuyag_JK_ACT04A.csproj", "{A43771BD-2361-4CE4-9459-DF25BFFD072B}"
EndProject
Global
	GlobalSection(SolutionConfigurationPlatforms) = preSolution
		Debug|Any CPU = Debug|Any CPU
		Release|Any CPU = Release|Any CPU
	EndGlobalSection
	GlobalSection(ProjectConfigurationPlatforms) = postSolution
		{A43771BD-2361-4CE4-9459-DF25BFFD072B}.Debug|Any CPU.ActiveCfg = Debug|Any CPU
		{A43771BD-2361-4CE4-9459-DF25BFFD072B}.Debug|Any CPU.Build.0 = Debug|Any CPU
		{A43771BD-2361-4CE4-9459-DF25BFFD072B}.Release|Any CPU.ActiveCfg = Release|Any CPU
		{A43771BD-2361-4CE4-9459-DF25BFFD072B}.Release|Any CPU.Build.0 = Release|Any CPU
	EndGlobalSection
	GlobalSection(SolutionProperties) = preSolution
		HideSolutionNode = FALSE
	EndGlobalSection
	GlobalSection(ExtensibilityGlobals) = postSolution
		SolutionGuid = {5FC41DA5-ED30-4C11-96D1-1F46FF2E388D}
	EndGlobalSection
EndGlobal
