
Microsoft Visual Studio Solution File, Format Version 12.00
# Visual Studio Version 16
VisualStudioVersion = 16.0.31613.86
MinimumVisualStudioVersion = 10.0.40219.1
Project("{FAE04EC0-301F-11D3-BF4B-00C04F79EFBC}") = "Dahuyag_JK_CIRCLES_AND_CURVED_SHAPES_Project", "Dahuyag_JK_CIRCLES_AND_CURVED_SHAPES_Project.csproj", "{1FEC226E-5111-4EA5-A19E-F496D170CF79}"
EndProject
Global
	GlobalSection(SolutionConfigurationPlatforms) = preSolution
		Debug|Any CPU = Debug|Any CPU
		Release|Any CPU = Release|Any CPU
	EndGlobalSection
	GlobalSection(ProjectConfigurationPlatforms) = postSolution
		{1FEC226E-5111-4EA5-A19E-F496D170CF79}.Debug|Any CPU.ActiveCfg = Debug|Any CPU
		{1FEC226E-5111-4EA5-A19E-F496D170CF79}.Debug|Any CPU.Build.0 = Debug|Any CPU
		{1FEC226E-5111-4EA5-A19E-F496D170CF79}.Release|Any CPU.ActiveCfg = Release|Any CPU
		{1FEC226E-5111-4EA5-A19E-F496D170CF79}.Release|Any CPU.Build.0 = Release|Any CPU
	EndGlobalSection
	GlobalSection(SolutionProperties) = preSolution
		HideSolutionNode = FALSE
	EndGlobalSection
	GlobalSection(ExtensibilityGlobals) = postSolution
		SolutionGuid = {E112BE14-76E3-4645-A0A5-65C6CFF322EC}
	EndGlobalSection
EndGlobal
