
Microsoft Visual Studio Solution File, Format Version 12.00
# Visual Studio Version 16
VisualStudioVersion = 16.0.31613.86
MinimumVisualStudioVersion = 10.0.40219.1
Project("{FAE04EC0-301F-11D3-BF4B-00C04F79EFBC}") = "Dahuyag_JK_ACT08C", "Dahuyag_JK_ACT08C.csproj", "{3BE68C91-C658-4028-AB3B-C158A5C102EE}"
EndProject
Global
	GlobalSection(SolutionConfigurationPlatforms) = preSolution
		Debug|Any CPU = Debug|Any CPU
		Release|Any CPU = Release|Any CPU
	EndGlobalSection
	GlobalSection(ProjectConfigurationPlatforms) = postSolution
		{3BE68C91-C658-4028-AB3B-C158A5C102EE}.Debug|Any CPU.ActiveCfg = Debug|Any CPU
		{3BE68C91-C658-4028-AB3B-C158A5C102EE}.Debug|Any CPU.Build.0 = Debug|Any CPU
		{3BE68C91-C658-4028-AB3B-C158A5C102EE}.Release|Any CPU.ActiveCfg = Release|Any CPU
		{3BE68C91-C658-4028-AB3B-C158A5C102EE}.Release|Any CPU.Build.0 = Release|Any CPU
	EndGlobalSection
	GlobalSection(SolutionProperties) = preSolution
		HideSolutionNode = FALSE
	EndGlobalSection
	GlobalSection(ExtensibilityGlobals) = postSolution
		SolutionGuid = {4C04A4A4-F292-419A-AE28-9C47FA4CAD69}
	EndGlobalSection
EndGlobal
